{
  "name": "Projeto-Engenharia-Software",
  "lockfileVersion": 2,
  "requires": true,
  "packages": {
    "": {
      "devDependencies": {
        "turbo": "^1.10.7"
      }
    },
    "node_modules/turbo": {
      "version": "1.10.7",
      "resolved": "https://registry.npmjs.org/turbo/-/turbo-1.10.7.tgz",
      "integrity": "sha512-xm0MPM28TWx1e6TNC3wokfE5eaDqlfi0G24kmeHupDUZt5Wd0OzHFENEHMPqEaNKJ0I+AMObL6nbSZonZBV2HA==",
      "dev": true,
      "hasInstallScript": true,
      "bin": {
        "turbo": "bin/turbo"
      },
      "optionalDependencies": {
        "turbo-darwin-64": "1.10.7",
        "turbo-darwin-arm64": "1.10.7",
        "turbo-linux-64": "1.10.7",
        "turbo-linux-arm64": "1.10.7",
        "turbo-windows-64": "1.10.7",
        "turbo-windows-arm64": "1.10.7"
      }
    },
    "node_modules/turbo-darwin-64": {
      "version": "1.10.7",
      "resolved": "https://registry.npmjs.org/turbo-darwin-64/-/turbo-darwin-64-1.10.7.tgz",
      "integrity": "sha512-N2MNuhwrl6g7vGuz4y3fFG2aR1oCs0UZ5HKl8KSTn/VC2y2YIuLGedQ3OVbo0TfEvygAlF3QGAAKKtOCmGPNKA==",
      "cpu": [
        "x64"
      ],
      "dev": true,
      "optional": true,
      "os": [
        "darwin"
      ]
    },
    "node_modules/turbo-darwin-arm64": {
      "version": "1.10.7",
      "resolved": "https://registry.npmjs.org/turbo-darwin-arm64/-/turbo-darwin-arm64-1.10.7.tgz",
      "integrity": "sha512-WbJkvjU+6qkngp7K4EsswOriO3xrNQag7YEGRtfLoDdMTk4O4QTeU6sfg2dKfDsBpTidTvEDwgIYJhYVGzrz9Q==",
      "cpu": [
        "arm64"
      ],
      "dev": true,
      "optional": true,
      "os": [
        "darwin"
      ]
    },
    "node_modules/turbo-linux-64": {
      "version": "1.10.7",
      "resolved": "https://registry.npmjs.org/turbo-linux-64/-/turbo-linux-64-1.10.7.tgz",
      "integrity": "sha512-x1CF2CDP1pDz/J8/B2T0hnmmOQI2+y11JGIzNP0KtwxDM7rmeg3DDTtDM/9PwGqfPotN9iVGgMiMvBuMFbsLhg==",
      "cpu": [
        "x64"
      ],
      "dev": true,
      "optional": true,
      "os": [
        "linux"
      ]
    },
    "node_modules/turbo-linux-arm64": {
      "version": "1.10.7",
      "resolved": "https://registry.npmjs.org/turbo-linux-arm64/-/turbo-linux-arm64-1.10.7.tgz",
      "integrity": "sha512-JtnBmaBSYbs7peJPkXzXxsRGSGBmBEIb6/kC8RRmyvPAMyqF8wIex0pttsI+9plghREiGPtRWv/lfQEPRlXnNQ==",
      "cpu": [
        "arm64"
      ],
      "dev": true,
      "optional": true,
      "os": [
        "linux"
      ]
    },
    "node_modules/turbo-windows-64": {
      "version": "1.10.7",
      "resolved": "https://registry.npmjs.org/turbo-windows-64/-/turbo-windows-64-1.10.7.tgz",
      "integrity": "sha512-7A/4CByoHdolWS8dg3DPm99owfu1aY/W0V0+KxFd0o2JQMTQtoBgIMSvZesXaWM57z3OLsietFivDLQPuzE75w==",
      "cpu": [
        "x64"
      ],
      "dev": true,
      "optional": true,
      "os": [
        "win32"
      ]
    },
    "node_modules/turbo-windows-arm64": {
      "version": "1.10.7",
      "resolved": "https://registry.npmjs.org/turbo-windows-arm64/-/turbo-windows-arm64-1.10.7.tgz",
      "integrity": "sha512-D36K/3b6+hqm9IBAymnuVgyePktwQ+F0lSXr2B9JfAdFPBktSqGmp50JNC7pahxhnuCLj0Vdpe9RqfnJw5zATA==",
      "cpu": [
        "arm64"
      ],
      "dev": true,
      "optional": true,
      "os": [
        "win32"
      ]
    }
  },
  "dependencies": {
    "turbo": {
      "version": "1.10.7",
      "resolved": "https://registry.npmjs.org/turbo/-/turbo-1.10.7.tgz",
      "integrity": "sha512-xm0MPM28TWx1e6TNC3wokfE5eaDqlfi0G24kmeHupDUZt5Wd0OzHFENEHMPqEaNKJ0I+AMObL6nbSZonZBV2HA==",
      "dev": true,
      "requires": {
        "turbo-darwin-64": "1.10.7",
        "turbo-darwin-arm64": "1.10.7",
        "turbo-linux-64": "1.10.7",
        "turbo-linux-arm64": "1.10.7",
        "turbo-windows-64": "1.10.7",
        "turbo-windows-arm64": "1.10.7"
      }
    },
    "turbo-darwin-64": {
      "version": "1.10.7",
      "resolved": "https://registry.npmjs.org/turbo-darwin-64/-/turbo-darwin-64-1.10.7.tgz",
      "integrity": "sha512-N2MNuhwrl6g7vGuz4y3fFG2aR1oCs0UZ5HKl8KSTn/VC2y2YIuLGedQ3OVbo0TfEvygAlF3QGAAKKtOCmGPNKA==",
      "dev": true,
      "optional": true
    },
    "turbo-darwin-arm64": {
      "version": "1.10.7",
      "resolved": "https://registry.npmjs.org/turbo-darwin-arm64/-/turbo-darwin-arm64-1.10.7.tgz",
      "integrity": "sha512-WbJkvjU+6qkngp7K4EsswOriO3xrNQag7YEGRtfLoDdMTk4O4QTeU6sfg2dKfDsBpTidTvEDwgIYJhYVGzrz9Q==",
      "dev": true,
      "optional": true
    },
    "turbo-linux-64": {
      "version": "1.10.7",
      "resolved": "https://registry.npmjs.org/turbo-linux-64/-/turbo-linux-64-1.10.7.tgz",
      "integrity": "sha512-x1CF2CDP1pDz/J8/B2T0hnmmOQI2+y11JGIzNP0KtwxDM7rmeg3DDTtDM/9PwGqfPotN9iVGgMiMvBuMFbsLhg==",
      "dev": true,
      "optional": true
    },
    "turbo-linux-arm64": {
      "version": "1.10.7",
      "resolved": "https://registry.npmjs.org/turbo-linux-arm64/-/turbo-linux-arm64-1.10.7.tgz",
      "integrity": "sha512-JtnBmaBSYbs7peJPkXzXxsRGSGBmBEIb6/kC8RRmyvPAMyqF8wIex0pttsI+9plghREiGPtRWv/lfQEPRlXnNQ==",
      "dev": true,
      "optional": true
    },
    "turbo-windows-64": {
      "version": "1.10.7",
      "resolved": "https://registry.npmjs.org/turbo-windows-64/-/turbo-windows-64-1.10.7.tgz",
      "integrity": "sha512-7A/4CByoHdolWS8dg3DPm99owfu1aY/W0V0+KxFd0o2JQMTQtoBgIMSvZesXaWM57z3OLsietFivDLQPuzE75w==",
      "dev": true,
      "optional": true
    },
    "turbo-windows-arm64": {
      "version": "1.10.7",
      "resolved": "https://registry.npmjs.org/turbo-windows-arm64/-/turbo-windows-arm64-1.10.7.tgz",
      "integrity": "sha512-D36K/3b6+hqm9IBAymnuVgyePktwQ+F0lSXr2B9JfAdFPBktSqGmp50JNC7pahxhnuCLj0Vdpe9RqfnJw5zATA==",
      "dev": true,
      "optional": true
    }
  }
}
